lockfileVersion: '9.0'

settings:
  autoInstallPeers: true
  excludeLinksFromLockfile: false

importers:

  .:
    dependencies:
      react:
        specifier: 19.1.0
        version: 19.1.0
      react-dom:
        specifier: 19.1.0
        version: 19.1.0(react@19.1.0)
    devDependencies:
      '@rsbuild/core':
        specifier: 1.3.20
        version: 1.3.20
      '@rsbuild/plugin-react':
        specifier: 1.3.1
        version: 1.3.1(@rsbuild/core@1.3.20)
      '@rsbuild/plugin-sass':
        specifier: 1.3.1
        version: 1.3.1(@rsbuild/core@1.3.20)
      '@types/react':
        specifier: 19.1.4
        version: 19.1.4
      '@types/react-dom':
        specifier: 19.1.5
        version: 19.1.5(@types/react@19.1.4)
      typescript:
        specifier: 5.8.3
        version: 5.8.3

packages:

  '@bufbuild/protobuf@2.4.0':
    resolution: {integrity: sha512-RN9M76x7N11QRihKovEglEjjVCQEA9PRBVnDgk9xw8JHLrcUrp4FpAVSPSH91cNbcTft3u2vpLN4GMbiKY9PJw==}

  '@module-federation/error-codes@0.13.1':
    resolution: {integrity: sha512-azgGDBnFRfqlivHOl96ZjlFUFlukESz2Rnnz/pINiSqoBBNjUE0fcAZP4X6jgrVITuEg90YkruZa7pW9I3m7Uw==}

  '@module-federation/runtime-core@0.13.1':
    resolution: {integrity: sha512-TfyKfkSAentKeuvSsAItk8s5tqQSMfIRTPN2e1aoaq/kFhE+7blps719csyWSX5Lg5Es7WXKMsXHy40UgtBtuw==}

  '@module-federation/runtime-tools@0.13.1':
    resolution: {integrity: sha512-GEF1pxqLc80osIMZmE8j9UKZSaTm2hX2lql8tgIH/O9yK4wnF06k6LL5Ah+wJt+oJv6Dj55ri/MoxMP4SXoPNA==}

  '@module-federation/runtime@0.13.1':
    resolution: {integrity: sha512-ZHnYvBquDm49LiHfv6fgagMo/cVJneijNJzfPh6S0CJrPS2Tay1bnTXzy8VA5sdIrESagYPaskKMGIj7YfnPug==}

  '@module-federation/sdk@0.13.1':
    resolution: {integrity: sha512-bmf2FGQ0ymZuxYnw9bIUfhV3y6zDhaqgydEjbl4msObKMLGXZqhse2pTIIxBFpIxR1oONKX/y2FAolDCTlWKiw==}

  '@module-federation/webpack-bundler-runtime@0.13.1':
    resolution: {integrity: sha512-QSuSIGa09S8mthbB1L6xERqrz+AzPlHR6D7RwAzssAc+IHf40U6NiTLPzUqp9mmKDhC5Tm0EISU0ZHNeJpnpBQ==}

  '@rsbuild/core@1.3.20':
    resolution: {integrity: sha512-5VxOddgGHaq5x4ONdKOZvLYLj8dhVfCAz+cERNLXrKLzBISouY1A9TJcbZBK4xoH/0DJrDtDzapNA+dI9Jr07Q==}
    engines: {node: '>=16.10.0'}
    hasBin: true

  '@rsbuild/plugin-react@1.3.1':
    resolution: {integrity: sha512-1PfE0CZDwiSIUFaMFOEprwsHK6oo29zU6DdtFH2D49uLcpUdOUvU1u2p00RCVO1CIgnAjRajLS7dnPdQUwFOuQ==}
    peerDependencies:
      '@rsbuild/core': 1.x

  '@rsbuild/plugin-sass@1.3.1':
    resolution: {integrity: sha512-hyqsMyI/XPntdL3xRRC25SIkWUWA9I7gVG46K9a8+xJVLJfLp8rHR1sKtc8JYOSPBIXcYwtzHIA9ib1gS2kRUQ==}
    peerDependencies:
      '@rsbuild/core': 1.x

  '@rspack/binding-darwin-arm64@1.3.10':
    resolution: {integrity: sha512-0k/j8OeMSVm5u5Nzckp9Ie7S7hprnvNegebnGr+L6VCyD7sMqm4m+4rLHs99ZklYdH0dZtY2+LrzrtjUZCqfew==}
    cpu: [arm64]
    os: [darwin]

  '@rspack/binding-darwin-x64@1.3.10':
    resolution: {integrity: sha512-jOyqYW/18cgxw60wK5oqJvM194pbD4H99xaif89McNtLkH3npFvBkXBHVWWuOHGoXNX0LhRpHcI89p9b9THQZQ==}
    cpu: [x64]
    os: [darwin]

  '@rspack/binding-linux-arm64-gnu@1.3.10':
    resolution: {integrity: sha512-zhF5ZNaT/7pxrm8xD3dWG1b4x+FO3LbVeZZG448CjpSo5T57kPD+SaGUU1GcPpn6mexf795x0SVS49aH7/e3Dg==}
    cpu: [arm64]
    os: [linux]

  '@rspack/binding-linux-arm64-musl@1.3.10':
    resolution: {integrity: sha512-o3x7IrOSCHK6lcRvdZgsSuOG1CHRQR00xiyLW7kkWmNm7t417LC9xdFWKIK62C5fKXGC5YcTbUkDMnQujespkg==}
    cpu: [arm64]
    os: [linux]

  '@rspack/binding-linux-x64-gnu@1.3.10':
    resolution: {integrity: sha512-FMSi28VZhXMr15picOHFynULhqZ/FODPxRIS6uNrvPRYcbNuiO1v+VHV6X88mhOMmJ/aVF6OwjUO/o2l1FVa9Q==}
    cpu: [x64]
    os: [linux]

  '@rspack/binding-linux-x64-musl@1.3.10':
    resolution: {integrity: sha512-e0xbY9SlbRGIFz41v1yc0HfREvmgMnLV1bLmTSPK8wI2suIEJ7iYYqsocHOAOk86qLZcxVrTnL6EjUcNaRTWlg==}
    cpu: [x64]
    os: [linux]

  '@rspack/binding-win32-arm64-msvc@1.3.10':
    resolution: {integrity: sha512-YHJPvEujWeWjU6EUF6sDpaec9rsOtKVvy16YCtGaxRpDQXqfuxibnp6Ge0ZTTrY+joRiWehRA9OUI+3McqI+QA==}
    cpu: [arm64]
    os: [win32]

  '@rspack/binding-win32-ia32-msvc@1.3.10':
    resolution: {integrity: sha512-2iwSBzVBC89ZSk56MYwgirh3bda2WKmL9I3qPajiTEivChXpX7jp83jAtGE6CPqPYcccYz6nrURTHNUZhqXxVw==}
    cpu: [ia32]
    os: [win32]

  '@rspack/binding-win32-x64-msvc@1.3.10':
    resolution: {integrity: sha512-ehWJ9Y5Zezj/+uJpiWbt29RZaRIM00f91PWuabM6/sKmHJhdCEE21u5iI3B8DeW/EjJsH8zkI69YYAxJWwGn9A==}
    cpu: [x64]
    os: [win32]

  '@rspack/binding@1.3.10':
    resolution: {integrity: sha512-9TjO+Ig5U4VqdYWpBsv01n4d2KsgFfdXGIE7zdHXDDbry0avL0J4109ESqSeP9uC+Bi7ZCF53iaxJRvZDflNVQ==}

  '@rspack/core@1.3.10':
    resolution: {integrity: sha512-YomvSRGuMUQgCE2rNMdff2q1Z0YpZw/z6m5+PVTMSs9l/q69YKUzpbpSD8YyB5i1DddrRxC2RE34DkrBuwlREQ==}
    engines: {node: '>=16.0.0'}
    peerDependencies:
      '@swc/helpers': '>=0.5.1'
    peerDependenciesMeta:
      '@swc/helpers':
        optional: true

  '@rspack/lite-tapable@1.0.1':
    resolution: {integrity: sha512-VynGOEsVw2s8TAlLf/uESfrgfrq2+rcXB1muPJYBWbsm1Oa6r5qVQhjA5ggM6z/coYPrsVMgovl3Ff7Q7OCp1w==}
    engines: {node: '>=16.0.0'}

  '@rspack/plugin-react-refresh@1.4.3':
    resolution: {integrity: sha512-wZx4vWgy5oMEvgyNGd/oUKcdnKaccYWHCRkOqTdAPJC3WcytxhTX+Kady8ERurSBiLyQpoMiU3Iyd+F1Y2Arbw==}
    peerDependencies:
      react-refresh: '>=0.10.0 <1.0.0'
      webpack-hot-middleware: 2.x
    peerDependenciesMeta:
      webpack-hot-middleware:
        optional: true

  '@swc/helpers@0.5.17':
    resolution: {integrity: sha512-5IKx/Y13RsYd+sauPb2x+U/xZikHjolzfuDgTAl/Tdf3Q8rslRvC19NKDLgAJQ6wsqADk10ntlv08nPFw/gO/A==}

  '@types/react-dom@19.1.5':
    resolution: {integrity: sha512-CMCjrWucUBZvohgZxkjd6S9h0nZxXjzus6yDfUb+xLxYM7VvjKNH1tQrE9GWLql1XoOP4/Ds3bwFqShHUYraGg==}
    peerDependencies:
      '@types/react': ^19.0.0

  '@types/react@19.1.4':
    resolution: {integrity: sha512-EB1yiiYdvySuIITtD5lhW4yPyJ31RkJkkDw794LaQYrxCSaQV/47y5o1FMC4zF9ZyjUjzJMZwbovEnT5yHTW6g==}

  big.js@5.2.2:
    resolution: {integrity: sha512-vyL2OymJxmarO8gxMr0mhChsO9QGwhynfuu4+MHTAW6czfq9humCB7rKpUjDd9YUiDPU4mzpyupFSvOClAwbmQ==}

  buffer-builder@0.2.0:
    resolution: {integrity: sha512-7VPMEPuYznPSoR21NE1zvd2Xna6c/CloiZCfcMXR1Jny6PjX0N4Nsa38zcBFo/FMK+BlA+FLKbJCQ0i2yxp+Xg==}

  caniuse-lite@1.0.30001718:
    resolution: {integrity: sha512-AflseV1ahcSunK53NfEs9gFWgOEmzr0f+kaMFA4xiLZlr9Hzt7HxcSpIFcnNCUkz6R6dWKa54rUz3HUmI3nVcw==}

  colorjs.io@0.5.2:
    resolution: {integrity: sha512-twmVoizEW7ylZSN32OgKdXRmo1qg+wT5/6C3xu5b9QsWzSFAhHLn2xd8ro0diCsKfCj1RdaTP/nrcW+vAoQPIw==}

  core-js@3.42.0:
    resolution: {integrity: sha512-Sz4PP4ZA+Rq4II21qkNqOEDTDrCvcANId3xpIgB34NDkWc3UduWj2dqEtN9yZIq8Dk3HyPI33x9sqqU5C8sr0g==}

  csstype@3.1.3:
    resolution: {integrity: sha512-M1uQkMl8rQK/szD0LNhtqxIPLpimGm8sOBwU7lLnCpSbTyY3yeU1Vc7l4KT5zT4s/yOxHH5O7tIuuLOCnLADRw==}

  deepmerge@4.3.1:
    resolution: {integrity: sha512-3sUqbMEc77XqpdNO7FRyRog+eW3ph+GYCbj+rK+uYyRMuwsVy0rMiVtPn+QJlKFvWP/1PYpapqYn0Me2knFn+A==}
    engines: {node: '>=0.10.0'}

  emojis-list@3.0.0:
    resolution: {integrity: sha512-/kyM18EfinwXZbno9FyUGeFh87KC8HRQBQGildHZbEuRyWFOmv1U10o9BBp8XVZDVNNuQKyIGIu5ZYAAXJ0V2Q==}
    engines: {node: '>= 4'}

  error-stack-parser@2.1.4:
    resolution: {integrity: sha512-Sk5V6wVazPhq5MhpO+AUxJn5x7XSXGl1R93Vn7i+zS15KDVxQijejNCrz8340/2bgLBjR9GtEG8ZVKONDjcqGQ==}

  has-flag@4.0.0:
    resolution: {integrity: sha512-EykJT/Q1KjTWctppgIAgfSO0tKVuZUjhgMr17kqTumMl6Afv3EISleU7qZUzoXDFTAHTDC4NOoG/ZxU3EvlMPQ==}
    engines: {node: '>=8'}

  html-entities@2.6.0:
    resolution: {integrity: sha512-kig+rMn/QOVRvr7c86gQ8lWXq+Hkv6CbAH1hLu+RG338StTpE8Z0b44SDVaqVu7HGKf27frdmUYEs9hTUX/cLQ==}

  immutable@5.1.2:
    resolution: {integrity: sha512-qHKXW1q6liAk1Oys6umoaZbDRqjcjgSrbnrifHsfsttza7zcvRAsL7mMV6xWcyhwQy7Xj5v4hhbr6b+iDYwlmQ==}

  jiti@2.4.2:
    resolution: {integrity: sha512-rg9zJN+G4n2nfJl5MW3BMygZX56zKPNVEYYqq7adpmMh4Jn2QNEwhvQlFy6jPVdcod7txZtKHWnyZiA3a0zP7A==}
    hasBin: true

  json5@2.2.3:
    resolution: {integrity: sha512-XmOWe7eyHYH14cLdVPoyg+GOH3rYX++KpzrylJwSW98t3Nk+U8XOl8FWKOgwtzdb8lXGf6zYwDUzeHMWfxasyg==}
    engines: {node: '>=6'}
    hasBin: true

  loader-utils@2.0.4:
    resolution: {integrity: sha512-xXqpXoINfFhgua9xiqD8fPFHgkoq1mmmpE92WlDbm9rNRd/EbRb+Gqf908T2DMfuHjjJlksiK2RbHVOdD/MqSw==}
    engines: {node: '>=8.9.0'}

  nanoid@3.3.11:
    resolution: {integrity: sha512-N8SpfPUnUp1bK+PMYW8qSWdl9U+wwNWI4QKxOYDy9JAro3WMX7p2OeVRF9v+347pnakNevPmiHhNmZ2HbFA76w==}
    engines: {node: ^10 || ^12 || ^13.7 || ^14 || >=15.0.1}
    hasBin: true

  picocolors@1.1.1:
    resolution: {integrity: sha512-xceH2snhtb5M9liqDsmEw56le376mTZkEX/jEb/RxNFyegNul7eNslCXP9FDj/Lcu0X8KEyMceP2ntpaHrDEVA==}

  postcss@8.5.3:
    resolution: {integrity: sha512-dle9A3yYxlBSrt8Fu+IpjGT8SY8hN0mlaA6GY8t0P5PjIOZemULz/E2Bnm/2dcUOena75OTNkHI76uZBNUUq3A==}
    engines: {node: ^10 || ^12 || >=14}

  react-dom@19.1.0:
    resolution: {integrity: sha512-Xs1hdnE+DyKgeHJeJznQmYMIBG3TKIHJJT95Q58nHLSrElKlGQqDTR2HQ9fx5CN/Gk6Vh/kupBTDLU11/nDk/g==}
    peerDependencies:
      react: ^19.1.0

  react-refresh@0.17.0:
    resolution: {integrity: sha512-z6F7K9bV85EfseRCp2bzrpyQ0Gkw1uLoCel9XBVWPg/TjRj94SkJzUTGfOa4bs7iJvBWtQG0Wq7wnI0syw3EBQ==}
    engines: {node: '>=0.10.0'}

  react@19.1.0:
    resolution: {integrity: sha512-FS+XFBNvn3GTAWq26joslQgWNoFu08F4kl0J4CgdNKADkdSGXQyTCnKteIAJy96Br6YbpEU1LSzV5dYtjMkMDg==}
    engines: {node: '>=0.10.0'}

  reduce-configs@1.1.0:
    resolution: {integrity: sha512-DQxy6liNadHfrLahZR7lMdc227NYVaQZhY5FMsxLEjX8X0SCuH+ESHSLCoz2yDZFq1/CLMDOAHdsEHwOEXKtvg==}

  rxjs@7.8.2:
    resolution: {integrity: sha512-dhKf903U/PQZY6boNNtAGdWbG85WAbjT/1xYoZIC7FAY0yWapOBQVsVrDl58W86//e1VpMNBtRV4MaXfdMySFA==}

  sass-embedded-android-arm64@1.88.0:
    resolution: {integrity: sha512-YVdxVywlbXH74uomIcRsYLHF1644V+0per6YrfZndWicjfYnWqgbGq1xixdOzLxe3vac90RlsRNxTEb0VWlhmA==}
    engines: {node: '>=14.0.0'}
    cpu: [arm64]
    os: [android]

  sass-embedded-android-arm@1.88.0:
    resolution: {integrity: sha512-jveGkHhHxJ2+GnNxl3OyhZAxR8YXJCSuj7JYzoVuFTxlsaFqFQwtUrvZro61xOVOrwfe8xMk2HE3ZEw6dolhBA==}
    engines: {node: '>=14.0.0'}
    cpu: [arm]
    os: [android]

  sass-embedded-android-ia32@1.88.0:
    resolution: {integrity: sha512-6C4o+lGFsYcUPGtCvOdFhFLQl1rrcBUNuC4DILDayI4bZeh3Y2CjonzCT4VNKPsOm7LFGf0OKQAZm+3/oXVIKg==}
    engines: {node: '>=14.0.0'}
    cpu: [ia32]
    os: [android]

  sass-embedded-android-riscv64@1.88.0:
    resolution: {integrity: sha512-zW1NmFHwPkBBg8wqVu8e5uCKeuTSk8vasB5BBEPvQubj4tWbgxrXGIVrQyseeGXJJQYSzjNiq3ua4qNoadBWJA==}
    engines: {node: '>=14.0.0'}
    cpu: [riscv64]
    os: [android]

  sass-embedded-android-x64@1.88.0:
    resolution: {integrity: sha512-b33Ja8sU67CcWCX9C3M+k8AcWXOb9uhyUJuKg/2hb/RhKUqBRCpMtQhsChpV7/DyXvyevLeosy28j673qNfnuQ==}
    engines: {node: '>=14.0.0'}
    cpu: [x64]
    os: [android]

  sass-embedded-darwin-arm64@1.88.0:
    resolution: {integrity: sha512-Zu+A4OzoFtZwTlcXn66ovZRTI9Ia610KJbtJBrpsXPfqR9QcCg7pPDB/zlPK5E5xFjsxGWaL0tICOifim1HCMg==}
    engines: {node: '>=14.0.0'}
    cpu: [arm64]
    os: [darwin]

  sass-embedded-darwin-x64@1.88.0:
    resolution: {integrity: sha512-nZ+/j5Z4llLejNyFcLUWJvbU3WNJDKiyZ7W+Hpn/52dDhzHiNWRVHH7humfzCEgLXZctPZlr56ubaNk/RsoSlA==}
    engines: {node: '>=14.0.0'}
    cpu: [x64]
    os: [darwin]

  sass-embedded-linux-arm64@1.88.0:
    resolution: {integrity: sha512-aphDl0Z4Y+YpPAqT0fEDDxZfrTXS/v36IRpGpVcbuRIua/iHd9L3wrZuwco1nbbY+sShFNiXPE1A9/k/ZGt8rw==}
    engines: {node: '>=14.0.0'}
    cpu: [arm64]
    os: [linux]

  sass-embedded-linux-arm@1.88.0:
    resolution: {integrity: sha512-bjiTZ4MNvArReXgwnA56mT3i+vHH3BgkLQT3qVwRv6fVTPQpYopK8D/QzQKbrVGYKgzWPYzZfksSQFC9lzM2yA==}
    engines: {node: '>=14.0.0'}
    cpu: [arm]
    os: [linux]

  sass-embedded-linux-ia32@1.88.0:
    resolution: {integrity: sha512-m+pQMD14JQeMlQ/J8vQxHXwAQPAcfLG034BQz05a8ahXmNrk9qJkrC7FLptDlhsJ6weldX54UvXceoSpw2VsxQ==}
    engines: {node: '>=14.0.0'}
    cpu: [ia32]
    os: [linux]

  sass-embedded-linux-musl-arm64@1.88.0:
    resolution: {integrity: sha512-Wxo9qklXqw+eYFHLo+uE9r9sbK/xklMt6xPU/HXs+ikoJcGtmugE7KRyyWeSfvPTi8jZvgfkFfNDZD9elzxEFA==}
    engines: {node: '>=14.0.0'}
    cpu: [arm64]
    os: [linux]

  sass-embedded-linux-musl-arm@1.88.0:
    resolution: {integrity: sha512-jGRZZYP8XOiE521Pep2u9ktx1FFkLHosjO7Dj/0pvjwUddBVT16jE40gv9pqtTynG0saD8jokqdkqJ+FM3NJzA==}
    engines: {node: '>=14.0.0'}
    cpu: [arm]
    os: [linux]

  sass-embedded-linux-musl-ia32@1.88.0:
    resolution: {integrity: sha512-utdTihiPCCP5HdKqwblQQWz864c7CqSplSGQ+p06GS+0ZfnuB/SKhtwe8fd11v4+IN8S2o0HAQ5KtWmRmk3eTA==}
    engines: {node: '>=14.0.0'}
    cpu: [ia32]
    os: [linux]

  sass-embedded-linux-musl-riscv64@1.88.0:
    resolution: {integrity: sha512-P8XB7QVSU8KJry4oxegzAnuFVWjbHc/JCHgF2ktq2dURVyxcaKDfQZtzbUgiPOKP/R6MZIFhXaJVJIhppcruEQ==}
    engines: {node: '>=14.0.0'}
    cpu: [riscv64]
    os: [linux]

  sass-embedded-linux-musl-x64@1.88.0:
    resolution: {integrity: sha512-OGEfD6AAm68vZTazFkIN7Dsu0ZQY983GZU+mWE9zZPLTIBzvNrrEZrEE/mpM6LemkwbqR+GaFP6rxGrkDz0Mhw==}
    engines: {node: '>=14.0.0'}
    cpu: [x64]
    os: [linux]

  sass-embedded-linux-riscv64@1.88.0:
    resolution: {integrity: sha512-3hBlfq4bXx0RkkNxvw/FPZSmUC1GMU8NE1Ef+2dJowxAeneRotHy5WXZIMKvH7NGpskf7U8ButK05U3OxPzrTA==}
    engines: {node: '>=14.0.0'}
    cpu: [riscv64]
    os: [linux]

  sass-embedded-linux-x64@1.88.0:
    resolution: {integrity: sha512-FzM5mCxkFE20efDDSPO5N5o0ZKPqs51zowt2JAe5tdAzmy/jUQ0t515tph40dV2mfX0flBJgoou76gZKhylHGg==}
    engines: {node: '>=14.0.0'}
    cpu: [x64]
    os: [linux]

  sass-embedded-win32-arm64@1.88.0:
    resolution: {integrity: sha512-Zp3yNEzk/gCCBIClQx8ihAGZ1YqPbjWjTnLWtruS9FcVrkrSAIjhqaesoN1Hy61aaIoiRektOyeffHH54jiQ3g==}
    engines: {node: '>=14.0.0'}
    cpu: [arm64]
    os: [win32]

  sass-embedded-win32-ia32@1.88.0:
    resolution: {integrity: sha512-yUmD6BLb01ngw/gy+FcTdsCMFaoONGFYJcy6FhMr2OOcCHNjPVD+HqTF4ZRsLNbwna8PlP6XxHFzjPKzVw18xw==}
    engines: {node: '>=14.0.0'}
    cpu: [ia32]
    os: [win32]

  sass-embedded-win32-x64@1.88.0:
    resolution: {integrity: sha512-j4pOP/S9vD4enRqbfwno07Xx+j0RkfVYGV31ZxzAIF+a1+3dDBlsbwgDNP68XemJx5SjpP8yM8the6nHAnMUiQ==}
    engines: {node: '>=14.0.0'}
    cpu: [x64]
    os: [win32]

  sass-embedded@1.88.0:
    resolution: {integrity: sha512-GQUxgZFuej3NZ1TSPUHU8aebtYdnIeXqYsbNEEKBtE+SC7/Gr18KH1ijTAZHPw25OUfQCdtJaRy6Fo866dHmgw==}
    engines: {node: '>=16.0.0'}
    hasBin: true

  scheduler@0.26.0:
    resolution: {integrity: sha512-NlHwttCI/l5gCPR3D1nNXtWABUmBwvZpEQiD4IXSbIDq8BzLIK/7Ir5gTFSGZDUu37K5cMNp0hFtzO38sC7gWA==}

  source-map-js@1.2.1:
    resolution: {integrity: sha512-UXWMKhLOwVKb728IUtQPXxfYU+usdybtUrK/8uGE8CQMvrhOpwvzDBwj0QhSL7MQc7vIsISBG8VQ8+IDQxpfQA==}
    engines: {node: '>=0.10.0'}

  stackframe@1.3.4:
    resolution: {integrity: sha512-oeVtt7eWQS+Na6F//S4kJ2K2VbRlS9D43mAlMyVpVWovy9o+jfgH8O9agzANzaiLjclA0oYzUXEM4PurhSUChw==}

  supports-color@8.1.1:
    resolution: {integrity: sha512-MpUEN2OodtUzxvKQl72cUF7RQ5EiHsGvSsVG0ia9c5RbWGL2CI4C7EpPS8UTBIplnlzZiNuV56w+FuNxy3ty2Q==}
    engines: {node: '>=10'}

  sync-child-process@1.0.2:
    resolution: {integrity: sha512-8lD+t2KrrScJ/7KXCSyfhT3/hRq78rC0wBFqNJXv3mZyn6hW2ypM05JmlSvtqRbeq6jqA94oHbxAr2vYsJ8vDA==}
    engines: {node: '>=16.0.0'}

  sync-message-port@1.1.3:
    resolution: {integrity: sha512-GTt8rSKje5FilG+wEdfCkOcLL7LWqpMlr2c3LRuKt/YXxcJ52aGSbGBAdI4L3aaqfrBt6y711El53ItyH1NWzg==}
    engines: {node: '>=16.0.0'}

  tslib@2.8.1:
    resolution: {integrity: sha512-oJFu94HQb+KVduSUQL7wnpmqnfmLsOA/nAh6b6EH0wCEoK0/mPeXU6c3wKDV83MkOuHPRHtSXKKU99IBazS/2w==}

  typescript@5.8.3:
    resolution: {integrity: sha512-p1diW6TqL9L07nNxvRMM7hMMw4c5XOo/1ibL4aAIGmSAt9slTE1Xgw5KWuof2uTOvCg9BY7ZRi+GaF+7sfgPeQ==}
    engines: {node: '>=14.17'}
    hasBin: true

  varint@6.0.0:
    resolution: {integrity: sha512-cXEIW6cfr15lFv563k4GuVuW/fiwjknytD37jIOLSdSWuOI6WnO/oKwmP2FQTU2l01LP8/M5TSAJpzUaGe3uWg==}

snapshots:

  '@bufbuild/protobuf@2.4.0': {}

  '@module-federation/error-codes@0.13.1': {}

  '@module-federation/runtime-core@0.13.1':
    dependencies:
      '@module-federation/error-codes': 0.13.1
      '@module-federation/sdk': 0.13.1

  '@module-federation/runtime-tools@0.13.1':
    dependencies:
      '@module-federation/runtime': 0.13.1
      '@module-federation/webpack-bundler-runtime': 0.13.1

  '@module-federation/runtime@0.13.1':
    dependencies:
      '@module-federation/error-codes': 0.13.1
      '@module-federation/runtime-core': 0.13.1
      '@module-federation/sdk': 0.13.1

  '@module-federation/sdk@0.13.1': {}

  '@module-federation/webpack-bundler-runtime@0.13.1':
    dependencies:
      '@module-federation/runtime': 0.13.1
      '@module-federation/sdk': 0.13.1

  '@rsbuild/core@1.3.20':
    dependencies:
      '@rspack/core': 1.3.10(@swc/helpers@0.5.17)
      '@rspack/lite-tapable': 1.0.1
      '@swc/helpers': 0.5.17
      core-js: 3.42.0
      jiti: 2.4.2

  '@rsbuild/plugin-react@1.3.1(@rsbuild/core@1.3.20)':
    dependencies:
      '@rsbuild/core': 1.3.20
      '@rspack/plugin-react-refresh': 1.4.3(react-refresh@0.17.0)
      react-refresh: 0.17.0
    transitivePeerDependencies:
      - webpack-hot-middleware

  '@rsbuild/plugin-sass@1.3.1(@rsbuild/core@1.3.20)':
    dependencies:
      '@rsbuild/core': 1.3.20
      deepmerge: 4.3.1
      loader-utils: 2.0.4
      postcss: 8.5.3
      reduce-configs: 1.1.0
      sass-embedded: 1.88.0

  '@rspack/binding-darwin-arm64@1.3.10':
    optional: true

  '@rspack/binding-darwin-x64@1.3.10':
    optional: true

  '@rspack/binding-linux-arm64-gnu@1.3.10':
    optional: true

  '@rspack/binding-linux-arm64-musl@1.3.10':
    optional: true

  '@rspack/binding-linux-x64-gnu@1.3.10':
    optional: true

  '@rspack/binding-linux-x64-musl@1.3.10':
    optional: true

  '@rspack/binding-win32-arm64-msvc@1.3.10':
    optional: true

  '@rspack/binding-win32-ia32-msvc@1.3.10':
    optional: true

  '@rspack/binding-win32-x64-msvc@1.3.10':
    optional: true

  '@rspack/binding@1.3.10':
    optionalDependencies:
      '@rspack/binding-darwin-arm64': 1.3.10
      '@rspack/binding-darwin-x64': 1.3.10
      '@rspack/binding-linux-arm64-gnu': 1.3.10
      '@rspack/binding-linux-arm64-musl': 1.3.10
      '@rspack/binding-linux-x64-gnu': 1.3.10
      '@rspack/binding-linux-x64-musl': 1.3.10
      '@rspack/binding-win32-arm64-msvc': 1.3.10
      '@rspack/binding-win32-ia32-msvc': 1.3.10
      '@rspack/binding-win32-x64-msvc': 1.3.10

  '@rspack/core@1.3.10(@swc/helpers@0.5.17)':
    dependencies:
      '@module-federation/runtime-tools': 0.13.1
      '@rspack/binding': 1.3.10
      '@rspack/lite-tapable': 1.0.1
      caniuse-lite: 1.0.30001718
    optionalDependencies:
      '@swc/helpers': 0.5.17

  '@rspack/lite-tapable@1.0.1': {}

  '@rspack/plugin-react-refresh@1.4.3(react-refresh@0.17.0)':
    dependencies:
      error-stack-parser: 2.1.4
      html-entities: 2.6.0
      react-refresh: 0.17.0

  '@swc/helpers@0.5.17':
    dependencies:
      tslib: 2.8.1

  '@types/react-dom@19.1.5(@types/react@19.1.4)':
    dependencies:
      '@types/react': 19.1.4

  '@types/react@19.1.4':
    dependencies:
      csstype: 3.1.3

  big.js@5.2.2: {}

  buffer-builder@0.2.0: {}

  caniuse-lite@1.0.30001718: {}

  colorjs.io@0.5.2: {}

  core-js@3.42.0: {}

  csstype@3.1.3: {}

  deepmerge@4.3.1: {}

  emojis-list@3.0.0: {}

  error-stack-parser@2.1.4:
    dependencies:
      stackframe: 1.3.4

  has-flag@4.0.0: {}

  html-entities@2.6.0: {}

  immutable@5.1.2: {}

  jiti@2.4.2: {}

  json5@2.2.3: {}

  loader-utils@2.0.4:
    dependencies:
      big.js: 5.2.2
      emojis-list: 3.0.0
      json5: 2.2.3

  nanoid@3.3.11: {}

  picocolors@1.1.1: {}

  postcss@8.5.3:
    dependencies:
      nanoid: 3.3.11
      picocolors: 1.1.1
      source-map-js: 1.2.1

  react-dom@19.1.0(react@19.1.0):
    dependencies:
      react: 19.1.0
      scheduler: 0.26.0

  react-refresh@0.17.0: {}

  react@19.1.0: {}

  reduce-configs@1.1.0: {}

  rxjs@7.8.2:
    dependencies:
      tslib: 2.8.1

  sass-embedded-android-arm64@1.88.0:
    optional: true

  sass-embedded-android-arm@1.88.0:
    optional: true

  sass-embedded-android-ia32@1.88.0:
    optional: true

  sass-embedded-android-riscv64@1.88.0:
    optional: true

  sass-embedded-android-x64@1.88.0:
    optional: true

  sass-embedded-darwin-arm64@1.88.0:
    optional: true

  sass-embedded-darwin-x64@1.88.0:
    optional: true

  sass-embedded-linux-arm64@1.88.0:
    optional: true

  sass-embedded-linux-arm@1.88.0:
    optional: true

  sass-embedded-linux-ia32@1.88.0:
    optional: true

  sass-embedded-linux-musl-arm64@1.88.0:
    optional: true

  sass-embedded-linux-musl-arm@1.88.0:
    optional: true

  sass-embedded-linux-musl-ia32@1.88.0:
    optional: true

  sass-embedded-linux-musl-riscv64@1.88.0:
    optional: true

  sass-embedded-linux-musl-x64@1.88.0:
    optional: true

  sass-embedded-linux-riscv64@1.88.0:
    optional: true

  sass-embedded-linux-x64@1.88.0:
    optional: true

  sass-embedded-win32-arm64@1.88.0:
    optional: true

  sass-embedded-win32-ia32@1.88.0:
    optional: true

  sass-embedded-win32-x64@1.88.0:
    optional: true

  sass-embedded@1.88.0:
    dependencies:
      '@bufbuild/protobuf': 2.4.0
      buffer-builder: 0.2.0
      colorjs.io: 0.5.2
      immutable: 5.1.2
      rxjs: 7.8.2
      supports-color: 8.1.1
      sync-child-process: 1.0.2
      varint: 6.0.0
    optionalDependencies:
      sass-embedded-android-arm: 1.88.0
      sass-embedded-android-arm64: 1.88.0
      sass-embedded-android-ia32: 1.88.0
      sass-embedded-android-riscv64: 1.88.0
      sass-embedded-android-x64: 1.88.0
      sass-embedded-darwin-arm64: 1.88.0
      sass-embedded-darwin-x64: 1.88.0
      sass-embedded-linux-arm: 1.88.0
      sass-embedded-linux-arm64: 1.88.0
      sass-embedded-linux-ia32: 1.88.0
      sass-embedded-linux-musl-arm: 1.88.0
      sass-embedded-linux-musl-arm64: 1.88.0
      sass-embedded-linux-musl-ia32: 1.88.0
      sass-embedded-linux-musl-riscv64: 1.88.0
      sass-embedded-linux-musl-x64: 1.88.0
      sass-embedded-linux-riscv64: 1.88.0
      sass-embedded-linux-x64: 1.88.0
      sass-embedded-win32-arm64: 1.88.0
      sass-embedded-win32-ia32: 1.88.0
      sass-embedded-win32-x64: 1.88.0

  scheduler@0.26.0: {}

  source-map-js@1.2.1: {}

  stackframe@1.3.4: {}

  supports-color@8.1.1:
    dependencies:
      has-flag: 4.0.0

  sync-child-process@1.0.2:
    dependencies:
      sync-message-port: 1.1.3

  sync-message-port@1.1.3: {}

  tslib@2.8.1: {}

  typescript@5.8.3: {}

  varint@6.0.0: {}
